// !$*UTF8*$!
{
	archiveVersion = 1;
	classes = {
	};
	objectVersion = 46;
	objects = {

/* Begin PBXBuildFile section */
		2DBB4F3F1C0D780F00F7AE60 /* main.m in Sources */ = {isa = PBXBuildFile; fileRef = 2DBB4F3E1C0D780F00F7AE60 /* main.m */; };
		2DBB4F421C0D780F00F7AE60 /* AppDelegate.m in Sources */ = {isa = PBXBuildFile; fileRef = 2DBB4F411C0D780F00F7AE60 /* AppDelegate.m */; };
		2DBB4F451C0D780F00F7AE60 /* ViewController.m in Sources */ = {isa = PBXBuildFile; fileRef = 2DBB4F441C0D780F00F7AE60 /* ViewController.m */; };
		2DBB4F481C0D780F00F7AE60 /* Main.storyboard in Resources */ = {isa = PBXBuildFile; fileRef = 2DBB4F461C0D780F00F7AE60 /* Main.storyboard */; };
		2DBB4F4B1C0D780F00F7AE60 /* ZhiFuBaoApliy.xcdatamodeld in Sources */ = {isa = PBXBuildFile; fileRef = 2DBB4F491C0D780F00F7AE60 /* ZhiFuBaoApliy.xcdatamodeld */; };
		2DBB4F4D1C0D780F00F7AE60 /* Assets.xcassets in Resources */ = {isa = PBXBuildFile; fileRef = 2DBB4F4C1C0D780F00F7AE60 /* Assets.xcassets */; };
		2DBB4F501C0D780F00F7AE60 /* LaunchScreen.storyboard in Resources */ = {isa = PBXBuildFile; fileRef = 2DBB4F4E1C0D780F00F7AE60 /* LaunchScreen.storyboard */; };
/* End PBXBuildFile section */

/* Begin PBXFileReference section */
		2DBB4F3A1C0D780F00F7AE60 /* ZhiFuBaoApliy.app */ = {isa = PBXFileReference; explicitFileType = wrapper.application; includeInIndex = 0; path = ZhiFuBaoApliy.app; sourceTree = BUILT_PRODUCTS_DIR; };
		2DBB4F3E1C0D780F00F7AE60 /* main.m */ = {isa = PBXFileReference; lastKnownFileType = sourcecode.c.objc; path = main.m; sourceTree = "<group>"; };
		2DBB4F401C0D780F00F7AE60 /* AppDelegate.h */ = {isa = PBXFileReference; lastKnownFileType = sourcecode.c.h; path = AppDelegate.h; sourceTree = "<group>"; };
		2DBB4F411C0D780F00F7AE60 /* AppDelegate.m */ = {isa = PBXFileReference; lastKnownFileType = sourcecode.c.objc; path = AppDelegate.m; sourceTree = "<group>"; };
		2DBB4F431C0D780F00F7AE60 /* ViewController.h */ = {isa = PBXFileReference; lastKnownFileType = sourcecode.c.h; path = ViewController.h; sourceTree = "<group>"; };
		2DBB4F441C0D780F00F7AE60 /* ViewController.m */ = {isa = PBXFileReference; lastKnownFileType = sourcecode.c.objc; path = ViewController.m; sourceTree = "<group>"; };
		2DBB4F471C0D780F00F7AE60 /* Base */ = {isa = PBXFileReference; lastKnownFileType = file.storyboard; name = Base; path = Base.lproj/Main.storyboard; sourceTree = "<group>"; };
		2DBB4F4A1C0D780F00F7AE60 /* ZhiFuBaoApliy.xcdatamodel */ = {isa = PBXFileReference; lastKnownFileType = wrapper.xcdatamodel; path = ZhiFuBaoApliy.xcdatamodel; sourceTree = "<group>"; };
		2DBB4F4C1C0D780F00F7AE60 /* Assets.xcassets */ = {isa = PBXFileReference; lastKnownFileType = folder.assetcatalog; path = Assets.xcassets; sourceTree = "<group>"; };
		2DBB4F4F1C0D780F00F7AE60 /* Base */ = {isa = PBXFileReference; lastKnownFileType = file.storyboard; name = Base; path = Base.lproj/LaunchScreen.storyboard; sourceTree = "<group>"; };
		2DBB4F511C0D780F00F7AE60 /* Info.plist */ = {isa = PBXFileReference; lastKnownFileType = text.plist.xml; path = Info.plist; sourceTree = "<group>"; };
/* End PBXFileReference section */

/* Begin PBXFrameworksBuildPhase section */
		2DBB4F371C0D780F00F7AE60 /* Frameworks */ = {
			isa = PBXFrameworksBuildPhase;
			buildActionMask = 2147483647;
			files = (
			);
			runOnlyForDeploymentPostprocessing = 0;
		};
/* End PBXFrameworksBuildPhase section */

/* Begin PBXGroup section */
		2DBB4F311C0D780F00F7AE60 = {
			isa = PBXGroup;
			children = (
				2DBB4F3C1C0D780F00F7AE60 /* ZhiFuBaoApliy */,
				2DBB4F3B1C0D780F00F7AE60 /* Products */,
			);
			sourceTree = "<group>";
		};
		2DBB4F3B1C0D780F00F7AE60 /* Products */ = {
			isa = PBXGroup;
			children = (
				2DBB4F3A1C0D780F00F7AE60 /* ZhiFuBaoApliy.app */,
			);
			name = Products;
			sourceTree = "<group>";
		};
		2DBB4F3C1C0D780F00F7AE60 /* ZhiFuBaoApliy */ = {
			isa = PBXGroup;
			children = (
				2DBB4F401C0D780F00F7AE60 /* AppDelegate.h */,
				2DBB4F411C0D780F00F7AE60 /* AppDelegate.m */,
				2DBB4F431C0D780F00F7AE60 /* ViewController.h */,
				2DBB4F441C0D780F00F7AE60 /* ViewController.m */,
				2DBB4F461C0D780F00F7AE60 /* Main.storyboard */,
				2DBB4F4C1C0D780F00F7AE60 /* Assets.xcassets */,
				2DBB4F4E1C0D780F00F7AE60 /* LaunchScreen.storyboard */,
				2DBB4F511C0D780F00F7AE60 /* Info.plist */,
				2DBB4F491C0D780F00F7AE60 /* ZhiFuBaoApliy.xcdatamodeld */,
				2DBB4F3D1C0D780F00F7AE60 /* Supporting Files */,
			);
			path = ZhiFuBaoApliy;
			sourceTree = "<group>";
		};
		2DBB4F3D1C0D780F00F7AE60 /* Supporting Files */ = {
			isa = PBXGroup;
			children = (
				2DBB4F3E1C0D780F00F7AE60 /* main.m */,
			);
			name = "Supporting Files";
			sourceTree = "<group>";
		};
/* End PBXGroup section */

/* Begin PBXNativeTarget section */
		2DBB4F391C0D780F00F7AE60 /* ZhiFuBaoApliy */ = {
			isa = PBXNativeTarget;
			buildConfigurationList = 2DBB4F541C0D780F00F7AE60 /* Build configuration list for PBXNativeTarget "ZhiFuBaoApliy" */;
			buildPhases = (
				2DBB4F361C0D780F00F7AE60 /* Sources */,
				2DBB4F371C0D780F00F7AE60 /* Frameworks */,
				2DBB4F381C0D780F00F7AE60 /* Resources */,
			);
			buildRules = (
			);
			dependencies = (
			);
			name = ZhiFuBaoApliy;
			productName = ZhiFuBaoApliy;
			productReference = 2DBB4F3A1C0D780F00F7AE60 /* ZhiFuBaoApliy.app */;
			productType = "com.apple.product-type.application";
		};
/* End PBXNativeTarget section */

/* Begin PBXProject section */
		2DBB4F321C0D780F00F7AE60 /* Project object */ = {
			isa = PBXProject;
			attributes = {
				LastUpgradeCheck = 0710;
				ORGANIZATIONNAME = pengfei.dang;
				TargetAttributes = {
					2DBB4F391C0D780F00F7AE60 = {
						CreatedOnToolsVersion = 7.1.1;
					};
				};
			};
			buildConfigurationList = 2DBB4F351C0D780F00F7AE60 /* Build configuration list for PBXProject "ZhiFuBaoApliy" */;
			compatibilityVersion = "Xcode 3.2";
			developmentRegion = English;
			hasScannedForEncodings = 0;
			knownRegions = (
				en,
				Base,
			);
			mainGroup = 2DBB4F311C0D780F00F7AE60;
			productRefGroup = 2DBB4F3B1C0D780F00F7AE60 /* Products */;
			projectDirPath = "";
			projectRoot = "";
			targets = (
				2DBB4F391C0D780F00F7AE60 /* ZhiFuBaoApliy */,
			);
		};
/* End PBXProject section */

/* Begin PBXResourcesBuildPhase section */
		2DBB4F381C0D780F00F7AE60 /* Resources */ = {
			isa = PBXResourcesBuildPhase;
			buildActionMask = 2147483647;
			files = (
				2DBB4F501C0D780F00F7AE60 /* LaunchScreen.storyboard in Resources */,
				2DBB4F4D1C0D780F00F7AE60 /* Assets.xcassets in Resources */,
				2DBB4F481C0D780F00F7AE60 /* Main.storyboard in Resources */,
			);
			runOnlyForDeploymentPostprocessing = 0;
		};
/* End PBXResourcesBuildPhase section */

/* Begin PBXSourcesBuildPhase section */
		2DBB4F361C0D780F00F7AE60 /* Sources */ = {
			isa = PBXSourcesBuildPhase;
			buildActionMask = 2147483647;
			files = (
				2DBB4F451C0D780F00F7AE60 /* ViewController.m in Sources */,
				2DBB4F4B1C0D780F00F7AE60 /* ZhiFuBaoApliy.xcdatamodeld in Sources */,
				2DBB4F421C0D780F00F7AE60 /* AppDelegate.m in Sources */,
				2DBB4F3F1C0D780F00F7AE60 /* main.m in Sources */,
			);
			runOnlyForDeploymentPostprocessing = 0;
		};
/* End PBXSourcesBuildPhase section */

/* Begin PBXVariantGroup section */
		2DBB4F461C0D780F00F7AE60 /* Main.storyboard */ = {
			isa = PBXVariantGroup;
			children = (
				2DBB4F471C0D780F00F7AE60 /* Base */,
			);
			name = Main.storyboard;
			sourceTree = "<group>";
		};
		2DBB4F4E1C0D780F00F7AE60 /* LaunchScreen.storyboard */ = {
			isa = PBXVariantGroup;
			children = (
				2DBB4F4F1C0D780F00F7AE60 /* Base */,
			);
			name = LaunchScreen.storyboard;
			sourceTree = "<group>";
		};
/* End PBXVariantGroup section */

/* Begin XCBuildConfiguration section */
		2DBB4F521C0D780F00F7AE60 /* Debug */ = {
			isa = XCBuildConfiguration;
			buildSettings = {
				ALWAYS_SEARCH_USER_PATHS = NO;
				CLANG_CXX_LANGUAGE_STANDARD = "gnu++0x";
				CLANG_CXX_LIBRARY = "libc++";
				CLANG_ENABLE_MODULES = YES;
				CLANG_ENABLE_OBJC_ARC = YES;
				CLANG_WARN_BOOL_CONVERSION = YES;
				CLANG_WARN_CONSTANT_CONVERSION = YES;
				CLANG_WARN_DIRECT_OBJC_ISA_USAGE = YES_ERROR;
				CLANG_WARN_EMPTY_BODY = YES;
				CLANG_WARN_ENUM_CONVERSION = YES;
				CLANG_WARN_INT_CONVERSION = YES;
				CLANG_WARN_OBJC_ROOT_CLASS = YES_ERROR;
				CLANG_WARN_UNREACHABLE_CODE = YES;
				CLANG_WARN__DUPLICATE_METHOD_MATCH = YES;
				"CODE_SIGN_IDENTITY[sdk=iphoneos*]" = "iPhone Developer";
				COPY_PHASE_STRIP = NO;
				DEBUG_INFORMATION_FORMAT = dwarf;
				ENABLE_STRICT_OBJC_MSGSEND = YES;
				ENABLE_TESTABILITY = YES;
				GCC_C_LANGUAGE_STANDARD = gnu99;
				GCC_DYNAMIC_NO_PIC = NO;
				GCC_NO_COMMON_BLOCKS = YES;
				GCC_OPTIMIZATION_LEVEL = 0;
				GCC_PREPROCESSOR_DEFINITIONS = (
					"DEBUG=1",
					"$(inherited)",
				);
				GCC_WARN_64_TO_32_BIT_CONVERSION = YES;
				GCC_WARN_ABOUT_RETURN_TYPE = YES_ERROR;
				GCC_WARN_UNDECLARED_SELECTOR = YES;
				GCC_WARN_UNINITIALIZED_AUTOS = YES_AGGRESSIVE;
				GCC_WARN_UNUSED_FUNCTION = YES;
				GCC_WARN_UNUSED_VARIABLE = YES;
				IPHONEOS_DEPLOYMENT_TARGET = 9.1;
				MTL_ENABLE_DEBUG_INFO = YES;
				ONLY_ACTIVE_ARCH = YES;
				SDKROOT = iphoneos;
				TARGETED_DEVICE_FAMILY = "1,2";
			};
			name = Debug;
		};
		2DBB4F531C0D780F00F7AE60 /* Release */ = {
			isa = XCBuildConfiguration;
			buildSettings = {
				ALWAYS_SEARCH_USER_PATHS = NO;
				CLANG_CXX_LANGUAGE_STANDARD = "gnu++0x";
				CLANG_CXX_LIBRARY = "libc++";
				CLANG_ENABLE_MODULES = YES;
				CLANG_ENABLE_OBJC_ARC = YES;
				CLANG_WARN_BOOL_CONVERSION = YES;
				CLANG_WARN_CONSTANT_CONVERSION = YES;
				CLANG_WARN_DIRECT_OBJC_ISA_USAGE = YES_ERROR;
				CLANG_WARN_EMPTY_BODY = YES;
				CLANG_WARN_ENUM_CONVERSION = YES;
				CLANG_WARN_INT_CONVERSION = YES;
				CLANG_WARN_OBJC_ROOT_CLASS = YES_ERROR;
				CLANG_WARN_UNREACHABLE_CODE = YES;
				CLANG_WARN__DUPLICATE_METHOD_MATCH = YES;
				"CODE_SIGN_IDENTITY[sdk=iphoneos*]" = "iPhone Developer";
				COPY_PHASE_STRIP = NO;
				DEBUG_INFORMATION_FORMAT = "dwarf-with-dsym";
				ENABLE_NS_ASSERTIONS = NO;
				ENABLE_STRICT_OBJC_MSGSEND = YES;
				GCC_C_LANGUAGE_STANDARD = gnu99;
				GCC_NO_COMMON_BLOCKS = YES;
				GCC_WARN_64_TO_32_BIT_CONVERSION = YES;
				GCC_WARN_ABOUT_RETURN_TYPE = YES_ERROR;
				GCC_WARN_UNDECLARED_SELECTOR = YES;
				GCC_WARN_UNINITIALIZED_AUTOS = YES_AGGRESSIVE;
				GCC_WARN_UNUSED_FUNCTION = YES;
				GCC_WARN_UNUSED_VARIABLE = YES;
				IPHONEOS_DEPLOYMENT_TARGET = 9.1;
				MTL_ENABLE_DEBUG_INFO = NO;
				SDKROOT = iphoneos;
				TARGETED_DEVICE_FAMILY = "1,2";
				VALIDATE_PRODUCT = YES;
			};
			name = Release;
		};
		2DBB4F551C0D780F00F7AE60 /* Debug */ = {
			isa = XCBuildConfiguration;
			buildSettings = {
				ASSETCATALOG_COMPILER_APPICON_NAME = AppIcon;
				INFOPLIST_FILE = ZhiFuBaoApliy/Info.plist;
				LD_RUNPATH_SEARCH_PATHS = "$(inherited) @executable_path/Frameworks";
				PRODUCT_BUNDLE_IDENTIFIER = pengfei.dang.ZhiFuBaoApliy;
				PRODUCT_NAME = "$(TARGET_NAME)";
			};
			name = Debug;
		};
		2DBB4F561C0D780F00F7AE60 /* Release */ = {
			isa = XCBuildConfiguration;
			buildSettings = {
				ASSETCATALOG_COMPILER_APPICON_NAME = AppIcon;
				INFOPLIST_FILE = ZhiFuBaoApliy/Info.plist;
				LD_RUNPATH_SEARCH_PATHS = "$(inherited) @executable_path/Frameworks";
				PRODUCT_BUNDLE_IDENTIFIER = pengfei.dang.ZhiFuBaoApliy;
				PRODUCT_NAME = "$(TARGET_NAME)";
			};
			name = Release;
		};
/* End XCBuildConfiguration section */

/* Begin XCConfigurationList section */
		2DBB4F351C0D780F00F7AE60 /* Build configuration list for PBXProject "ZhiFuBaoApliy" */ = {
			isa = XCConfigurationList;
			buildConfigurations = (
				2DBB4F521C0D780F00F7AE60 /* Debug */,
				2DBB4F531C0D780F00F7AE60 /* Release */,
			);
			defaultConfigurationIsVisible = 0;
			defaultConfigurationName = Release;
		};
		2DBB4F541C0D780F00F7AE60 /* Build configuration list for PBXNativeTarget "ZhiFuBaoApliy" */ = {
			isa = XCConfigurationList;
			buildConfigurations = (
				2DBB4F551C0D780F00F7AE60 /* Debug */,
				2DBB4F561C0D780F00F7AE60 /* Release */,
			);
			defaultConfigurationIsVisible = 0;
		};
/* End XCConfigurationList section */

/* Begin XCVersionGroup section */
		2DBB4F491C0D780F00F7AE60 /* ZhiFuBaoApliy.xcdatamodeld */ = {
			isa = XCVersionGroup;
			children = (
				2DBB4F4A1C0D780F00F7AE60 /* ZhiFuBaoApliy.xcdatamodel */,
			);
			currentVersion = 2DBB4F4A1C0D780F00F7AE60 /* ZhiFuBaoApliy.xcdatamodel */;
			path = ZhiFuBaoApliy.xcdatamodeld;
			sourceTree = "<group>";
			versionGroupType = wrapper.xcdatamodel;
		};
/* End XCVersionGroup section */
	};
	rootObject = 2DBB4F321C0D780F00F7AE60 /* Project object */;
}
